
Microsoft Visual Studio Solution File, Format Version 12.00
# Visual Studio Version 17
VisualStudioVersion = 17.11.35222.181
MinimumVisualStudioVersion = 10.0.40219.1
Project("{FAE04EC0-301F-11D3-BF4B-00C04F79EFBC}") = "Homework2SqlWithCSharp", "Homework2SqlWithCSharp\Homework2SqlWithCSharp.csproj", "{557F7109-5A9C-45C1-95C1-A68359AA5E30}"
EndProject
Global
	GlobalSection(SolutionConfigurationPlatforms) = preSolution
		Debug|Any CPU = Debug|Any CPU
		Release|Any CPU = Release|Any CPU
	EndGlobalSection
	GlobalSection(ProjectConfigurationPlatforms) = postSolution
		{557F7109-5A9C-45C1-95C1-A68359AA5E30}.Debug|Any CPU.ActiveCfg = Debug|Any CPU
		{557F7109-5A9C-45C1-95C1-A68359AA5E30}.Debug|Any CPU.Build.0 = Debug|Any CPU
		{557F7109-5A9C-45C1-95C1-A68359AA5E30}.Release|Any CPU.ActiveCfg = Release|Any CPU
		{557F7109-5A9C-45C1-95C1-A68359AA5E30}.Release|Any CPU.Build.0 = Release|Any CPU
	EndGlobalSection
	GlobalSection(SolutionProperties) = preSolution
		HideSolutionNode = FALSE
	EndGlobalSection
	GlobalSection(ExtensibilityGlobals) = postSolution
		SolutionGuid = {C4E0550B-7628-461E-A469-CD814716AB5A}
	EndGlobalSection
EndGlobal
